
Microsoft Visual Studio Solution File, Format Version 12.00
# Visual Studio 15
VisualStudioVersion = 15.0.28307.421
MinimumVisualStudioVersion = 10.0.40219.1
Project("{8BC9CEB8-8B4A-11D0-8D11-00A0C91BC942}") = "cuda", "cuda\cuda.vcxproj", "{7E82610C-C73E-47D1-B9D0-76F357A523F6}"
EndProject
Global
	GlobalSection(SolutionConfigurationPlatforms) = preSolution
		Debug|x64 = Debug|x64
		Release|x64 = Release|x64
	EndGlobalSection
	GlobalSection(ProjectConfigurationPlatforms) = postSolution
		{7E82610C-C73E-47D1-B9D0-76F357A523F6}.Debug|x64.ActiveCfg = Debug|x64
		{7E82610C-C73E-47D1-B9D0-76F357A523F6}.Debug|x64.Build.0 = Debug|x64
		{7E82610C-C73E-47D1-B9D0-76F357A523F6}.Release|x64.ActiveCfg = Release|x64
		{7E82610C-C73E-47D1-B9D0-76F357A523F6}.Release|x64.Build.0 = Release|x64
	EndGlobalSection
	GlobalSection(SolutionProperties) = preSolution
		HideSolutionNode = FALSE
	EndGlobalSection
	GlobalSection(ExtensibilityGlobals) = postSolution
		SolutionGuid = {CA089B2E-6E42-415E-A924-7FBB45140C9A}
	EndGlobalSection
EndGlobal
